
Microsoft Visual Studio Solution File, Format Version 12.00
# Visual Studio Version 16
VisualStudioVersion = 16.0.31911.196
MinimumVisualStudioVersion = 10.0.40219.1
Project("{FAE04EC0-301F-11D3-BF4B-00C04F79EFBC}") = "RecursiveExtensionMetotlar", "RecursiveExtensionMetotlar\RecursiveExtensionMetotlar.csproj", "{05A38FF2-5245-48B6-9AF2-673A76425504}"
EndProject
Global
	GlobalSection(SolutionConfigurationPlatforms) = preSolution
		Debug|Any CPU = Debug|Any CPU
		Release|Any CPU = Release|Any CPU
	EndGlobalSection
	GlobalSection(ProjectConfigurationPlatforms) = postSolution
		{05A38FF2-5245-48B6-9AF2-673A76425504}.Debug|Any CPU.ActiveCfg = Debug|Any CPU
		{05A38FF2-5245-48B6-9AF2-673A76425504}.Debug|Any CPU.Build.0 = Debug|Any CPU
		{05A38FF2-5245-48B6-9AF2-673A76425504}.Release|Any CPU.ActiveCfg = Release|Any CPU
		{05A38FF2-5245-48B6-9AF2-673A76425504}.Release|Any CPU.Build.0 = Release|Any CPU
	EndGlobalSection
	GlobalSection(SolutionProperties) = preSolution
		HideSolutionNode = FALSE
	EndGlobalSection
	GlobalSection(ExtensibilityGlobals) = postSolution
		SolutionGuid = {7566987A-2DE5-4623-B2AE-ECF124A11C6B}
	EndGlobalSection
EndGlobal
